
Microsoft Visual Studio Solution File, Format Version 12.00
# Visual Studio Version 17
VisualStudioVersion = 17.5.33414.496
MinimumVisualStudioVersion = 10.0.40219.1
Project("{9A19103F-16F7-4668-BE54-9A1E7A4F7556}") = "VivoVR", "VivoVR.csproj", "{8D6627B1-2FD1-44FF-8135-0CF113F72310}"
EndProject
Project("{9A19103F-16F7-4668-BE54-9A1E7A4F7556}") = "VRPatcher", "VRPatcher\VRPatcher.csproj", "{49244D9E-474A-44A0-A7C5-6ECF972F45F7}"
EndProject
Global
	GlobalSection(SolutionConfigurationPlatforms) = preSolution
		Debug|Any CPU = Debug|Any CPU
		Release|Any CPU = Release|Any CPU
	EndGlobalSection
	GlobalSection(ProjectConfigurationPlatforms) = postSolution
		{8D6627B1-2FD1-44FF-8135-0CF113F72310}.Debug|Any CPU.ActiveCfg = Debug|Any CPU
		{8D6627B1-2FD1-44FF-8135-0CF113F72310}.Debug|Any CPU.Build.0 = Debug|Any CPU
		{8D6627B1-2FD1-44FF-8135-0CF113F72310}.Release|Any CPU.ActiveCfg = Release|Any CPU
		{8D6627B1-2FD1-44FF-8135-0CF113F72310}.Release|Any CPU.Build.0 = Release|Any CPU
		{49244D9E-474A-44A0-A7C5-6ECF972F45F7}.Debug|Any CPU.ActiveCfg = Debug|Any CPU
		{49244D9E-474A-44A0-A7C5-6ECF972F45F7}.Debug|Any CPU.Build.0 = Debug|Any CPU
		{49244D9E-474A-44A0-A7C5-6ECF972F45F7}.Release|Any CPU.ActiveCfg = Release|Any CPU
		{49244D9E-474A-44A0-A7C5-6ECF972F45F7}.Release|Any CPU.Build.0 = Release|Any CPU
	EndGlobalSection
	GlobalSection(SolutionProperties) = preSolution
		HideSolutionNode = FALSE
	EndGlobalSection
	GlobalSection(ExtensibilityGlobals) = postSolution
		SolutionGuid = {4B2703E9-0E63-4843-A576-2AE1CFA6BACF}
	EndGlobalSection
EndGlobal
